
Microsoft Visual Studio Solution File, Format Version 12.00
# Visual Studio Version 16
VisualStudioVersion = 16.0.30523.141
MinimumVisualStudioVersion = 10.0.40219.1
Project("{FAE04EC0-301F-11D3-BF4B-00C04F79EFBC}") = "SummerSmiles", "SummerSmiles\SummerSmiles.csproj", "{968B377E-BEEA-4960-80A0-D0E370F51898}"
EndProject
Global
	GlobalSection(SolutionConfigurationPlatforms) = preSolution
		Debug|Any CPU = Debug|Any CPU
		Release|Any CPU = Release|Any CPU
	EndGlobalSection
	GlobalSection(ProjectConfigurationPlatforms) = postSolution
		{968B377E-BEEA-4960-80A0-D0E370F51898}.Debug|Any CPU.ActiveCfg = Debug|Any CPU
		{968B377E-BEEA-4960-80A0-D0E370F51898}.Debug|Any CPU.Build.0 = Debug|Any CPU
		{968B377E-BEEA-4960-80A0-D0E370F51898}.Release|Any CPU.ActiveCfg = Release|Any CPU
		{968B377E-BEEA-4960-80A0-D0E370F51898}.Release|Any CPU.Build.0 = Release|Any CPU
	EndGlobalSection
	GlobalSection(SolutionProperties) = preSolution
		HideSolutionNode = FALSE
	EndGlobalSection
	GlobalSection(ExtensibilityGlobals) = postSolution
		SolutionGuid = {2E5A75F1-A52B-4081-94A5-560A49BF3EEA}
	EndGlobalSection
EndGlobal
